
Microsoft Visual Studio Solution File, Format Version 10.00
# Visual Studio 2008
Project("{54435603-DBB4-11D2-8724-00A0C9A8B90C}") = "EVE Command Installer", "EVE Command Installer\EVE Command Installer.vdproj", "{BC4E40E6-156A-4222-BB35-6C503C25D205}"
EndProject
Project("{F184B08F-C81C-45F6-A57F-5ABD9991F28F}") = "EVEC", "EVEC\EVEC.vbproj", "{B256C200-82FD-4D3C-BB9E-A7FE830C0613}"
EndProject
Project("{F184B08F-C81C-45F6-A57F-5ABD9991F28F}") = "EVEC.Common", "EVEC.Common\EVEC.Common.vbproj", "{A23C245F-6470-4B20-A873-7A8E44883912}"
EndProject
Project("{1FD68A0A-E993-4FE1-AE69-363516681351}") = "UML", "UML\UML.ump", "{AAF6C7C7-603A-48F5-876F-2ED99A3792B7}"
EndProject
Global
	GlobalSection(SolutionConfigurationPlatforms) = preSolution
		Debug|Any CPU = Debug|Any CPU
		Debug|Mixed Platforms = Debug|Mixed Platforms
		Debug|Win32 = Debug|Win32
		Debug|x86 = Debug|x86
		Release|Any CPU = Release|Any CPU
		Release|Mixed Platforms = Release|Mixed Platforms
		Release|Win32 = Release|Win32
		Release|x86 = Release|x86
	EndGlobalSection
	GlobalSection(ProjectConfigurationPlatforms) = postSolution
		{BC4E40E6-156A-4222-BB35-6C503C25D205}.Debug|Any CPU.ActiveCfg = Debug
		{BC4E40E6-156A-4222-BB35-6C503C25D205}.Debug|Any CPU.Build.0 = Debug
		{BC4E40E6-156A-4222-BB35-6C503C25D205}.Debug|Mixed Platforms.ActiveCfg = Debug
		{BC4E40E6-156A-4222-BB35-6C503C25D205}.Debug|Mixed Platforms.Build.0 = Debug
		{BC4E40E6-156A-4222-BB35-6C503C25D205}.Debug|Win32.ActiveCfg = Debug
		{BC4E40E6-156A-4222-BB35-6C503C25D205}.Debug|Win32.Build.0 = Debug
		{BC4E40E6-156A-4222-BB35-6C503C25D205}.Debug|x86.ActiveCfg = Debug
		{BC4E40E6-156A-4222-BB35-6C503C25D205}.Release|Any CPU.ActiveCfg = Release
		{BC4E40E6-156A-4222-BB35-6C503C25D205}.Release|Any CPU.Build.0 = Release
		{BC4E40E6-156A-4222-BB35-6C503C25D205}.Release|Mixed Platforms.ActiveCfg = Release
		{BC4E40E6-156A-4222-BB35-6C503C25D205}.Release|Mixed Platforms.Build.0 = Release
		{BC4E40E6-156A-4222-BB35-6C503C25D205}.Release|Win32.ActiveCfg = Release
		{BC4E40E6-156A-4222-BB35-6C503C25D205}.Release|Win32.Build.0 = Release
		{BC4E40E6-156A-4222-BB35-6C503C25D205}.Release|x86.ActiveCfg = Release
		{BC4E40E6-156A-4222-BB35-6C503C25D205}.Release|x86.Build.0 = Release
		{B256C200-82FD-4D3C-BB9E-A7FE830C0613}.Debug|Any CPU.ActiveCfg = Debug|Any CPU
		{B256C200-82FD-4D3C-BB9E-A7FE830C0613}.Debug|Any CPU.Build.0 = Debug|Any CPU
		{B256C200-82FD-4D3C-BB9E-A7FE830C0613}.Debug|Mixed Platforms.ActiveCfg = Debug|x86
		{B256C200-82FD-4D3C-BB9E-A7FE830C0613}.Debug|Mixed Platforms.Build.0 = Debug|x86
		{B256C200-82FD-4D3C-BB9E-A7FE830C0613}.Debug|Win32.ActiveCfg = Debug|x86
		{B256C200-82FD-4D3C-BB9E-A7FE830C0613}.Debug|x86.ActiveCfg = Debug|x86
		{B256C200-82FD-4D3C-BB9E-A7FE830C0613}.Debug|x86.Build.0 = Debug|x86
		{B256C200-82FD-4D3C-BB9E-A7FE830C0613}.Release|Any CPU.ActiveCfg = Release|Any CPU
		{B256C200-82FD-4D3C-BB9E-A7FE830C0613}.Release|Any CPU.Build.0 = Release|Any CPU
		{B256C200-82FD-4D3C-BB9E-A7FE830C0613}.Release|Mixed Platforms.ActiveCfg = Release|x86
		{B256C200-82FD-4D3C-BB9E-A7FE830C0613}.Release|Mixed Platforms.Build.0 = Release|x86
		{B256C200-82FD-4D3C-BB9E-A7FE830C0613}.Release|Win32.ActiveCfg = Release|x86
		{B256C200-82FD-4D3C-BB9E-A7FE830C0613}.Release|x86.ActiveCfg = Release|x86
		{B256C200-82FD-4D3C-BB9E-A7FE830C0613}.Release|x86.Build.0 = Release|x86
		{A23C245F-6470-4B20-A873-7A8E44883912}.Debug|Any CPU.ActiveCfg = Debug|Any CPU
		{A23C245F-6470-4B20-A873-7A8E44883912}.Debug|Any CPU.Build.0 = Debug|Any CPU
		{A23C245F-6470-4B20-A873-7A8E44883912}.Debug|Mixed Platforms.ActiveCfg = Debug|x86
		{A23C245F-6470-4B20-A873-7A8E44883912}.Debug|Mixed Platforms.Build.0 = Debug|x86
		{A23C245F-6470-4B20-A873-7A8E44883912}.Debug|Win32.ActiveCfg = Debug|x86
		{A23C245F-6470-4B20-A873-7A8E44883912}.Debug|x86.ActiveCfg = Debug|x86
		{A23C245F-6470-4B20-A873-7A8E44883912}.Debug|x86.Build.0 = Debug|x86
		{A23C245F-6470-4B20-A873-7A8E44883912}.Release|Any CPU.ActiveCfg = Release|Any CPU
		{A23C245F-6470-4B20-A873-7A8E44883912}.Release|Any CPU.Build.0 = Release|Any CPU
		{A23C245F-6470-4B20-A873-7A8E44883912}.Release|Mixed Platforms.ActiveCfg = Release|x86
		{A23C245F-6470-4B20-A873-7A8E44883912}.Release|Mixed Platforms.Build.0 = Release|x86
		{A23C245F-6470-4B20-A873-7A8E44883912}.Release|Win32.ActiveCfg = Release|x86
		{A23C245F-6470-4B20-A873-7A8E44883912}.Release|x86.ActiveCfg = Release|x86
		{A23C245F-6470-4B20-A873-7A8E44883912}.Release|x86.Build.0 = Release|x86
		{AAF6C7C7-603A-48F5-876F-2ED99A3792B7}.Debug|Any CPU.ActiveCfg = Release|Win32
		{AAF6C7C7-603A-48F5-876F-2ED99A3792B7}.Debug|Mixed Platforms.ActiveCfg = Release|Win32
		{AAF6C7C7-603A-48F5-876F-2ED99A3792B7}.Debug|Mixed Platforms.Build.0 = Release|Win32
		{AAF6C7C7-603A-48F5-876F-2ED99A3792B7}.Debug|Win32.ActiveCfg = Release|Win32
		{AAF6C7C7-603A-48F5-876F-2ED99A3792B7}.Debug|Win32.Build.0 = Release|Win32
		{AAF6C7C7-603A-48F5-876F-2ED99A3792B7}.Debug|x86.ActiveCfg = Release|Win32
		{AAF6C7C7-603A-48F5-876F-2ED99A3792B7}.Release|Any CPU.ActiveCfg = Release|Win32
		{AAF6C7C7-603A-48F5-876F-2ED99A3792B7}.Release|Mixed Platforms.ActiveCfg = Release|Win32
		{AAF6C7C7-603A-48F5-876F-2ED99A3792B7}.Release|Mixed Platforms.Build.0 = Release|Win32
		{AAF6C7C7-603A-48F5-876F-2ED99A3792B7}.Release|Win32.ActiveCfg = Release|Win32
		{AAF6C7C7-603A-48F5-876F-2ED99A3792B7}.Release|Win32.Build.0 = Release|Win32
		{AAF6C7C7-603A-48F5-876F-2ED99A3792B7}.Release|x86.ActiveCfg = Release|Win32
	EndGlobalSection
	GlobalSection(SolutionProperties) = preSolution
		HideSolutionNode = FALSE
	EndGlobalSection
EndGlobal
