
Microsoft Visual Studio Solution File, Format Version 11.00
# Visual Studio 2010
Project("{F184B08F-C81C-45F6-A57F-5ABD9991F28F}") = "EvE Command", "EvE Command\EvE Command.vbproj", "{02C6A2BC-1475-4258-AE85-F5E5A4E5B91C}"
EndProject
Global
	GlobalSection(SubversionScc) = preSolution
		Svn-Managed = True
		Manager = AnkhSVN - Subversion Support for Visual Studio
	EndGlobalSection
	GlobalSection(SolutionConfigurationPlatforms) = preSolution
		CD_ROM|x86 = CD_ROM|x86
		Debug|x86 = Debug|x86
		DVD-5|x86 = DVD-5|x86
		Release|x86 = Release|x86
		SingleImage|x86 = SingleImage|x86
	EndGlobalSection
	GlobalSection(ProjectConfigurationPlatforms) = postSolution
		{02C6A2BC-1475-4258-AE85-F5E5A4E5B91C}.CD_ROM|x86.ActiveCfg = Release|x86
		{02C6A2BC-1475-4258-AE85-F5E5A4E5B91C}.CD_ROM|x86.Build.0 = Release|x86
		{02C6A2BC-1475-4258-AE85-F5E5A4E5B91C}.Debug|x86.ActiveCfg = Debug|x86
		{02C6A2BC-1475-4258-AE85-F5E5A4E5B91C}.Debug|x86.Build.0 = Debug|x86
		{02C6A2BC-1475-4258-AE85-F5E5A4E5B91C}.DVD-5|x86.ActiveCfg = Debug|x86
		{02C6A2BC-1475-4258-AE85-F5E5A4E5B91C}.DVD-5|x86.Build.0 = Debug|x86
		{02C6A2BC-1475-4258-AE85-F5E5A4E5B91C}.Release|x86.ActiveCfg = Release|x86
		{02C6A2BC-1475-4258-AE85-F5E5A4E5B91C}.Release|x86.Build.0 = Release|x86
		{02C6A2BC-1475-4258-AE85-F5E5A4E5B91C}.SingleImage|x86.ActiveCfg = Release|x86
		{02C6A2BC-1475-4258-AE85-F5E5A4E5B91C}.SingleImage|x86.Build.0 = Release|x86
	EndGlobalSection
	GlobalSection(SolutionProperties) = preSolution
		HideSolutionNode = FALSE
	EndGlobalSection
EndGlobal
